
Microsoft Visual Studio Solution File, Format Version 12.00
# Visual Studio Version 17
VisualStudioVersion = 17.9.34723.18
MinimumVisualStudioVersion = 10.0.40219.1
Project("{FAE04EC0-301F-11D3-BF4B-00C04F79EFBC}") = "mBankFeedbackSystem", "mBankFeedbackSystem\mBankFeedbackSystem.csproj", "{9FA74C68-AD21-4BD3-B495-80EE458F82BD}"
EndProject
Global
	GlobalSection(SolutionConfigurationPlatforms) = preSolution
		Debug|Any CPU = Debug|Any CPU
		Release|Any CPU = Release|Any CPU
	EndGlobalSection
	GlobalSection(ProjectConfigurationPlatforms) = postSolution
		{9FA74C68-AD21-4BD3-B495-80EE458F82BD}.Debug|Any CPU.ActiveCfg = Debug|Any CPU
		{9FA74C68-AD21-4BD3-B495-80EE458F82BD}.Debug|Any CPU.Build.0 = Debug|Any CPU
		{9FA74C68-AD21-4BD3-B495-80EE458F82BD}.Release|Any CPU.ActiveCfg = Release|Any CPU
		{9FA74C68-AD21-4BD3-B495-80EE458F82BD}.Release|Any CPU.Build.0 = Release|Any CPU
	EndGlobalSection
	GlobalSection(SolutionProperties) = preSolution
		HideSolutionNode = FALSE
	EndGlobalSection
	GlobalSection(ExtensibilityGlobals) = postSolution
		SolutionGuid = {E551DD28-E38D-4648-9474-462123EF4D9A}
	EndGlobalSection
EndGlobal
